<?xml version="1.0" encoding="utf-8"?>
<Project ToolsVersion="4.0" xmlns="http://schemas.microsoft.com/developer/msbuild/2003">
  <ItemGroup>
    <ClCompile Include="src\main.cc" />
    <ClCompile Include="src\vicalib-engine.cc" />
    <ClCompile Include="src\vicalib-task.cc" />
    <ClCompile Include="HAL\Camera\Drivers\OpenCV\OpenCVFactory.cpp" />
  </ItemGroup>
</Project>