
Microsoft Visual Studio Solution File, Format Version 12.00
# Visual Studio Version 16
VisualStudioVersion = 16.0.32602.291
MinimumVisualStudioVersion = 10.0.40219.1
Project("{8BC9CEB8-8B4A-11D0-8D11-00A0C91BC942}") = "vicalib", "vicalib.vcxproj", "{C3DD97AA-17C8-3557-9FF1-CA0FE3AF46E8}"
EndProject
Project("{8BC9CEB8-8B4A-11D0-8D11-00A0C91BC942}") = "hal", "hal\hal.vcxproj", "{D65C67DC-73A5-4B8A-AC77-CA5F485630F9}"
EndProject
Global
	GlobalSection(SolutionConfigurationPlatforms) = preSolution
		Debug|x64 = Debug|x64
		Release|x64 = Release|x64
	EndGlobalSection
	GlobalSection(ProjectConfigurationPlatforms) = postSolution
		{C3DD97AA-17C8-3557-9FF1-CA0FE3AF46E8}.Debug|x64.ActiveCfg = Debug|x64
		{C3DD97AA-17C8-3557-9FF1-CA0FE3AF46E8}.Debug|x64.Build.0 = Debug|x64
		{C3DD97AA-17C8-3557-9FF1-CA0FE3AF46E8}.Release|x64.ActiveCfg = Release|x64
		{C3DD97AA-17C8-3557-9FF1-CA0FE3AF46E8}.Release|x64.Build.0 = Release|x64
		{D65C67DC-73A5-4B8A-AC77-CA5F485630F9}.Debug|x64.ActiveCfg = Debug|x64
		{D65C67DC-73A5-4B8A-AC77-CA5F485630F9}.Debug|x64.Build.0 = Debug|x64
		{D65C67DC-73A5-4B8A-AC77-CA5F485630F9}.Release|x64.ActiveCfg = Release|x64
		{D65C67DC-73A5-4B8A-AC77-CA5F485630F9}.Release|x64.Build.0 = Release|x64
	EndGlobalSection
	GlobalSection(SolutionProperties) = preSolution
		HideSolutionNode = FALSE
	EndGlobalSection
	GlobalSection(ExtensibilityGlobals) = postSolution
		SolutionGuid = {CB0026DD-E71B-34EE-89E2-75F569DD0824}
	EndGlobalSection
EndGlobal
